
Microsoft Visual Studio Solution File, Format Version 12.00
# Visual Studio Version 17
VisualStudioVersion = 17.10.35027.167
MinimumVisualStudioVersion = 10.0.40219.1
Project("{FAE04EC0-301F-11D3-BF4B-00C04F79EFBC}") = "DivisorCount", "DivisorCount.csproj", "{20830FA9-C57E-469A-A1F6-15F230765D2D}"
EndProject
Project("{FAE04EC0-301F-11D3-BF4B-00C04F79EFBC}") = "UnitTest", "..\UnitTest\UnitTest.csproj", "{1DE3587B-C90C-4F6C-AE94-4173182D9CC9}"
EndProject
Global
	GlobalSection(SolutionConfigurationPlatforms) = preSolution
		Debug|Any CPU = Debug|Any CPU
		Release|Any CPU = Release|Any CPU
	EndGlobalSection
	GlobalSection(ProjectConfigurationPlatforms) = postSolution
		{20830FA9-C57E-469A-A1F6-15F230765D2D}.Debug|Any CPU.ActiveCfg = Debug|Any CPU
		{20830FA9-C57E-469A-A1F6-15F230765D2D}.Debug|Any CPU.Build.0 = Debug|Any CPU
		{20830FA9-C57E-469A-A1F6-15F230765D2D}.Release|Any CPU.ActiveCfg = Release|Any CPU
		{20830FA9-C57E-469A-A1F6-15F230765D2D}.Release|Any CPU.Build.0 = Release|Any CPU
		{1DE3587B-C90C-4F6C-AE94-4173182D9CC9}.Debug|Any CPU.ActiveCfg = Debug|Any CPU
		{1DE3587B-C90C-4F6C-AE94-4173182D9CC9}.Debug|Any CPU.Build.0 = Debug|Any CPU
		{1DE3587B-C90C-4F6C-AE94-4173182D9CC9}.Release|Any CPU.ActiveCfg = Release|Any CPU
		{1DE3587B-C90C-4F6C-AE94-4173182D9CC9}.Release|Any CPU.Build.0 = Release|Any CPU
	EndGlobalSection
	GlobalSection(SolutionProperties) = preSolution
		HideSolutionNode = FALSE
	EndGlobalSection
	GlobalSection(ExtensibilityGlobals) = postSolution
		SolutionGuid = {DBADCE21-9F7A-414C-B4AF-FA1B981AA9E6}
	EndGlobalSection
EndGlobal
