
Microsoft Visual Studio Solution File, Format Version 12.00
# Visual Studio Version 17
VisualStudioVersion = 17.10.35027.167
MinimumVisualStudioVersion = 10.0.40219.1
Project("{FAE04EC0-301F-11D3-BF4B-00C04F79EFBC}") = "NewsAggregationConsole", "NewsAggregationConsole.csproj", "{BE91DFF5-75CE-4171-A8B8-7EFD8ADD22CD}"
EndProject
Global
	GlobalSection(SolutionConfigurationPlatforms) = preSolution
		Debug|Any CPU = Debug|Any CPU
		Release|Any CPU = Release|Any CPU
	EndGlobalSection
	GlobalSection(ProjectConfigurationPlatforms) = postSolution
		{BE91DFF5-75CE-4171-A8B8-7EFD8ADD22CD}.Debug|Any CPU.ActiveCfg = Debug|Any CPU
		{BE91DFF5-75CE-4171-A8B8-7EFD8ADD22CD}.Debug|Any CPU.Build.0 = Debug|Any CPU
		{BE91DFF5-75CE-4171-A8B8-7EFD8ADD22CD}.Release|Any CPU.ActiveCfg = Release|Any CPU
		{BE91DFF5-75CE-4171-A8B8-7EFD8ADD22CD}.Release|Any CPU.Build.0 = Release|Any CPU
	EndGlobalSection
	GlobalSection(SolutionProperties) = preSolution
		HideSolutionNode = FALSE
	EndGlobalSection
	GlobalSection(ExtensibilityGlobals) = postSolution
		SolutionGuid = {87057626-9E86-43C4-B020-411184DFDDCB}
	EndGlobalSection
EndGlobal
